
Microsoft Visual Studio Solution File, Format Version 12.00
# Visual Studio Version 16
VisualStudioVersion = 16.0.30517.126
MinimumVisualStudioVersion = 10.0.40219.1
Project("{FAE04EC0-301F-11D3-BF4B-00C04F79EFBC}") = "Labawpf", "Лабаwpf\Labawpf.csproj", "{146AB704-3092-4C15-B936-0BAEBEA99A2A}"
EndProject
Project("{FAE04EC0-301F-11D3-BF4B-00C04F79EFBC}") = "UnitTestProject1", "UnitTestProject1\UnitTestProject1.csproj", "{5FB90CF2-E6FE-4FF1-9969-CD32B6865E12}"
EndProject
Global
	GlobalSection(SolutionConfigurationPlatforms) = preSolution
		Debug|Any CPU = Debug|Any CPU
		Release|Any CPU = Release|Any CPU
	EndGlobalSection
	GlobalSection(ProjectConfigurationPlatforms) = postSolution
		{146AB704-3092-4C15-B936-0BAEBEA99A2A}.Debug|Any CPU.ActiveCfg = Debug|Any CPU
		{146AB704-3092-4C15-B936-0BAEBEA99A2A}.Debug|Any CPU.Build.0 = Debug|Any CPU
		{146AB704-3092-4C15-B936-0BAEBEA99A2A}.Release|Any CPU.ActiveCfg = Release|Any CPU
		{146AB704-3092-4C15-B936-0BAEBEA99A2A}.Release|Any CPU.Build.0 = Release|Any CPU
		{5FB90CF2-E6FE-4FF1-9969-CD32B6865E12}.Debug|Any CPU.ActiveCfg = Debug|Any CPU
		{5FB90CF2-E6FE-4FF1-9969-CD32B6865E12}.Debug|Any CPU.Build.0 = Debug|Any CPU
		{5FB90CF2-E6FE-4FF1-9969-CD32B6865E12}.Release|Any CPU.ActiveCfg = Release|Any CPU
		{5FB90CF2-E6FE-4FF1-9969-CD32B6865E12}.Release|Any CPU.Build.0 = Release|Any CPU
	EndGlobalSection
	GlobalSection(SolutionProperties) = preSolution
		HideSolutionNode = FALSE
	EndGlobalSection
	GlobalSection(ExtensibilityGlobals) = postSolution
		SolutionGuid = {AECB6D0C-BE04-4A4A-9CF9-307F1D9B05F3}
	EndGlobalSection
EndGlobal
